
Microsoft Visual Studio Solution File, Format Version 12.00
# Visual Studio Version 17
VisualStudioVersion = 17.2.32630.192
MinimumVisualStudioVersion = 10.0.40219.1
Project("{9A19103F-16F7-4668-BE54-9A1E7A4F7556}") = "MaterialDesignExtensions", "MaterialDesignExtensions\MaterialDesignExtensions.csproj", "{2DC67C48-ED97-4529-8FDC-44573392230B}"
EndProject
Project("{D954291E-2A0B-460D-934E-DC6B0785DB48}") = "SharedOdantDev", "SharedOdantDev\SharedOdantDev.shproj", "{BCE37951-5744-4B02-BA49-25EE4C57AC5A}"
EndProject
Project("{FAE04EC0-301F-11D3-BF4B-00C04F79EFBC}") = "VS2019", "VS2019\VS2019.csproj", "{AC6B1C3B-13D4-46F6-95AC-04583649963D}"
EndProject
Project("{FAE04EC0-301F-11D3-BF4B-00C04F79EFBC}") = "VS2022", "VS2022\VS2022.csproj", "{FEF0688F-DB99-496B-8429-E5B64332D8D0}"
EndProject
Global
	GlobalSection(SolutionConfigurationPlatforms) = preSolution
		Debug|Any CPU = Debug|Any CPU
		Debug|x86 = Debug|x86
		Release|Any CPU = Release|Any CPU
		Release|x86 = Release|x86
	EndGlobalSection
	GlobalSection(ProjectConfigurationPlatforms) = postSolution
		{2DC67C48-ED97-4529-8FDC-44573392230B}.Debug|Any CPU.ActiveCfg = Debug|Any CPU
		{2DC67C48-ED97-4529-8FDC-44573392230B}.Debug|Any CPU.Build.0 = Debug|Any CPU
		{2DC67C48-ED97-4529-8FDC-44573392230B}.Debug|x86.ActiveCfg = Debug|Any CPU
		{2DC67C48-ED97-4529-8FDC-44573392230B}.Debug|x86.Build.0 = Debug|Any CPU
		{2DC67C48-ED97-4529-8FDC-44573392230B}.Release|Any CPU.ActiveCfg = Release|Any CPU
		{2DC67C48-ED97-4529-8FDC-44573392230B}.Release|Any CPU.Build.0 = Release|Any CPU
		{2DC67C48-ED97-4529-8FDC-44573392230B}.Release|x86.ActiveCfg = Release|Any CPU
		{2DC67C48-ED97-4529-8FDC-44573392230B}.Release|x86.Build.0 = Release|Any CPU
		{AC6B1C3B-13D4-46F6-95AC-04583649963D}.Debug|Any CPU.ActiveCfg = Debug|Any CPU
		{AC6B1C3B-13D4-46F6-95AC-04583649963D}.Debug|Any CPU.Build.0 = Debug|Any CPU
		{AC6B1C3B-13D4-46F6-95AC-04583649963D}.Debug|x86.ActiveCfg = Debug|Any CPU
		{AC6B1C3B-13D4-46F6-95AC-04583649963D}.Debug|x86.Build.0 = Debug|Any CPU
		{AC6B1C3B-13D4-46F6-95AC-04583649963D}.Release|Any CPU.ActiveCfg = Release|Any CPU
		{AC6B1C3B-13D4-46F6-95AC-04583649963D}.Release|Any CPU.Build.0 = Release|Any CPU
		{AC6B1C3B-13D4-46F6-95AC-04583649963D}.Release|x86.ActiveCfg = Release|Any CPU
		{AC6B1C3B-13D4-46F6-95AC-04583649963D}.Release|x86.Build.0 = Release|Any CPU
		{FEF0688F-DB99-496B-8429-E5B64332D8D0}.Debug|Any CPU.ActiveCfg = Debug|Any CPU
		{FEF0688F-DB99-496B-8429-E5B64332D8D0}.Debug|Any CPU.Build.0 = Debug|Any CPU
		{FEF0688F-DB99-496B-8429-E5B64332D8D0}.Debug|x86.ActiveCfg = Debug|x86
		{FEF0688F-DB99-496B-8429-E5B64332D8D0}.Debug|x86.Build.0 = Debug|x86
		{FEF0688F-DB99-496B-8429-E5B64332D8D0}.Release|Any CPU.ActiveCfg = Release|Any CPU
		{FEF0688F-DB99-496B-8429-E5B64332D8D0}.Release|Any CPU.Build.0 = Release|Any CPU
		{FEF0688F-DB99-496B-8429-E5B64332D8D0}.Release|x86.ActiveCfg = Release|x86
		{FEF0688F-DB99-496B-8429-E5B64332D8D0}.Release|x86.Build.0 = Release|x86
	EndGlobalSection
	GlobalSection(SolutionProperties) = preSolution
		HideSolutionNode = FALSE
	EndGlobalSection
	GlobalSection(ExtensibilityGlobals) = postSolution
		SolutionGuid = {11B420B8-8D5A-4A8C-BB7A-2307AF7B7952}
	EndGlobalSection
	GlobalSection(SharedMSBuildProjectFiles) = preSolution
		SharedOdantDev\SharedOdantDev.projitems*{ac6b1c3b-13d4-46f6-95ac-04583649963d}*SharedItemsImports = 4
		SharedOdantDev\SharedOdantDev.projitems*{bce37951-5744-4b02-ba49-25ee4c57ac5a}*SharedItemsImports = 13
		SharedOdantDev\SharedOdantDev.projitems*{fef0688f-db99-496b-8429-e5b64332d8d0}*SharedItemsImports = 4
	EndGlobalSection
EndGlobal
